
Microsoft Visual Studio Solution File, Format Version 12.00
# Visual Studio Version 17
VisualStudioVersion = 17.7.34031.279
MinimumVisualStudioVersion = 10.0.40219.1
Project("{FAE04EC0-301F-11D3-BF4B-00C04F79EFBC}") = "Assignment4-1", "Assignment4-1\Assignment4-1.csproj", "{5B0A07A1-B32B-47B4-B8D4-BF76A2B7D9D1}"
	ProjectSection(ProjectDependencies) = postProject
		{5ED31D0B-2E1A-479C-8268-4B34FE320943} = {5ED31D0B-2E1A-479C-8268-4B34FE320943}
	EndProjectSection
EndProject
Project("{FAE04EC0-301F-11D3-BF4B-00C04F79EFBC}") = "Assignment4Library", "Assignment4Library\Assignment4Library.csproj", "{5ED31D0B-2E1A-479C-8268-4B34FE320943}"
EndProject
Global
	GlobalSection(SolutionConfigurationPlatforms) = preSolution
		Debug|Any CPU = Debug|Any CPU
		Release|Any CPU = Release|Any CPU
	EndGlobalSection
	GlobalSection(ProjectConfigurationPlatforms) = postSolution
		{5B0A07A1-B32B-47B4-B8D4-BF76A2B7D9D1}.Debug|Any CPU.ActiveCfg = Debug|Any CPU
		{5B0A07A1-B32B-47B4-B8D4-BF76A2B7D9D1}.Debug|Any CPU.Build.0 = Debug|Any CPU
		{5B0A07A1-B32B-47B4-B8D4-BF76A2B7D9D1}.Release|Any CPU.ActiveCfg = Release|Any CPU
		{5B0A07A1-B32B-47B4-B8D4-BF76A2B7D9D1}.Release|Any CPU.Build.0 = Release|Any CPU
		{5ED31D0B-2E1A-479C-8268-4B34FE320943}.Debug|Any CPU.ActiveCfg = Debug|Any CPU
		{5ED31D0B-2E1A-479C-8268-4B34FE320943}.Debug|Any CPU.Build.0 = Debug|Any CPU
		{5ED31D0B-2E1A-479C-8268-4B34FE320943}.Release|Any CPU.ActiveCfg = Release|Any CPU
		{5ED31D0B-2E1A-479C-8268-4B34FE320943}.Release|Any CPU.Build.0 = Release|Any CPU
	EndGlobalSection
	GlobalSection(SolutionProperties) = preSolution
		HideSolutionNode = FALSE
	EndGlobalSection
	GlobalSection(ExtensibilityGlobals) = postSolution
		SolutionGuid = {F01BD0DE-4ED4-4F93-8C31-42B933FE3763}
	EndGlobalSection
EndGlobal
